
Microsoft Visual Studio Solution File, Format Version 12.00
# Visual Studio 2012
Project("{FAE04EC0-301F-11D3-BF4B-00C04F79EFBC}") = "Tea Party Kata", "Tea Party Kata\Tea Party Kata.csproj", "{ABC49F19-82CE-4C6E-8AE7-96CDE27AB892}"
EndProject
Project("{FAE04EC0-301F-11D3-BF4B-00C04F79EFBC}") = "TeaPartyTest", "TeaPartyTest\TeaPartyTest.csproj", "{B93FC97E-497B-4D9B-B1AB-397A59E1D88A}"
EndProject
Global
	GlobalSection(SolutionConfigurationPlatforms) = preSolution
		Debug|Any CPU = Debug|Any CPU
		Release|Any CPU = Release|Any CPU
	EndGlobalSection
	GlobalSection(ProjectConfigurationPlatforms) = postSolution
		{ABC49F19-82CE-4C6E-8AE7-96CDE27AB892}.Debug|Any CPU.ActiveCfg = Debug|Any CPU
		{ABC49F19-82CE-4C6E-8AE7-96CDE27AB892}.Debug|Any CPU.Build.0 = Debug|Any CPU
		{ABC49F19-82CE-4C6E-8AE7-96CDE27AB892}.Release|Any CPU.ActiveCfg = Release|Any CPU
		{ABC49F19-82CE-4C6E-8AE7-96CDE27AB892}.Release|Any CPU.Build.0 = Release|Any CPU
		{B93FC97E-497B-4D9B-B1AB-397A59E1D88A}.Debug|Any CPU.ActiveCfg = Debug|Any CPU
		{B93FC97E-497B-4D9B-B1AB-397A59E1D88A}.Debug|Any CPU.Build.0 = Debug|Any CPU
		{B93FC97E-497B-4D9B-B1AB-397A59E1D88A}.Release|Any CPU.ActiveCfg = Release|Any CPU
		{B93FC97E-497B-4D9B-B1AB-397A59E1D88A}.Release|Any CPU.Build.0 = Release|Any CPU
	EndGlobalSection
	GlobalSection(SolutionProperties) = preSolution
		HideSolutionNode = FALSE
	EndGlobalSection
EndGlobal
