
Microsoft Visual Studio Solution File, Format Version 12.00
# Visual Studio 2012
Project("{FAE04EC0-301F-11D3-BF4B-00C04F79EFBC}") = "Word Wrap Kata", "Word Wrap Kata\Word Wrap Kata.csproj", "{A28675E3-377D-42DE-89AF-C9E3923444A4}"
EndProject
Project("{FAE04EC0-301F-11D3-BF4B-00C04F79EFBC}") = "Word Wrap Test", "Word Wrap Test\Word Wrap Test.csproj", "{2CFF454A-BFF8-4A24-A6E4-05341A0E37BC}"
EndProject
Global
	GlobalSection(SolutionConfigurationPlatforms) = preSolution
		Debug|Any CPU = Debug|Any CPU
		Release|Any CPU = Release|Any CPU
	EndGlobalSection
	GlobalSection(ProjectConfigurationPlatforms) = postSolution
		{A28675E3-377D-42DE-89AF-C9E3923444A4}.Debug|Any CPU.ActiveCfg = Debug|Any CPU
		{A28675E3-377D-42DE-89AF-C9E3923444A4}.Debug|Any CPU.Build.0 = Debug|Any CPU
		{A28675E3-377D-42DE-89AF-C9E3923444A4}.Release|Any CPU.ActiveCfg = Release|Any CPU
		{A28675E3-377D-42DE-89AF-C9E3923444A4}.Release|Any CPU.Build.0 = Release|Any CPU
		{2CFF454A-BFF8-4A24-A6E4-05341A0E37BC}.Debug|Any CPU.ActiveCfg = Debug|Any CPU
		{2CFF454A-BFF8-4A24-A6E4-05341A0E37BC}.Debug|Any CPU.Build.0 = Debug|Any CPU
		{2CFF454A-BFF8-4A24-A6E4-05341A0E37BC}.Release|Any CPU.ActiveCfg = Release|Any CPU
		{2CFF454A-BFF8-4A24-A6E4-05341A0E37BC}.Release|Any CPU.Build.0 = Release|Any CPU
	EndGlobalSection
	GlobalSection(SolutionProperties) = preSolution
		HideSolutionNode = FALSE
	EndGlobalSection
EndGlobal
